
Microsoft Visual Studio Solution File, Format Version 12.00
# Visual Studio Version 16
VisualStudioVersion = 16.0.31424.327
MinimumVisualStudioVersion = 10.0.40219.1
Project("{FAE04EC0-301F-11D3-BF4B-00C04F79EFBC}") = "ConsoleApp3", "ConsoleApp3\ConsoleApp3.csproj", "{2781B4C3-4A80-4825-A719-9BE65A1EB482}"
EndProject
Global
	GlobalSection(SolutionConfigurationPlatforms) = preSolution
		Debug|Any CPU = Debug|Any CPU
		Release|Any CPU = Release|Any CPU
	EndGlobalSection
	GlobalSection(ProjectConfigurationPlatforms) = postSolution
		{2781B4C3-4A80-4825-A719-9BE65A1EB482}.Debug|Any CPU.ActiveCfg = Debug|Any CPU
		{2781B4C3-4A80-4825-A719-9BE65A1EB482}.Debug|Any CPU.Build.0 = Debug|Any CPU
		{2781B4C3-4A80-4825-A719-9BE65A1EB482}.Release|Any CPU.ActiveCfg = Release|Any CPU
		{2781B4C3-4A80-4825-A719-9BE65A1EB482}.Release|Any CPU.Build.0 = Release|Any CPU
	EndGlobalSection
	GlobalSection(SolutionProperties) = preSolution
		HideSolutionNode = FALSE
	EndGlobalSection
	GlobalSection(ExtensibilityGlobals) = postSolution
		SolutionGuid = {9370AB3D-E617-4A4C-8EDD-10B00CBFD0F7}
	EndGlobalSection
EndGlobal
